// !$*UTF8*$!
{
	archiveVersion = 1;
	classes = {
	};
	objectVersion = 77;
	objects = {

/* Begin PBXBuildFile section */
		349C40454966F92138360CA6 /* ContentView.swift in Sources */ = {isa = PBXBuildFile; fileRef = 4A780C3539050BB6DBB8197A /* ContentView.swift */; };
		3EFF29F64E82749968F034D0 /* TennisTrackerApp.swift in Sources */ = {isa = PBXBuildFile; fileRef = 63ED978C9982686B27AECED3 /* TennisTrackerApp.swift */; };
		431297F454B7B98835F86CBD /* CameraManager.swift in Sources */ = {isa = PBXBuildFile; fileRef = 7547D2470485A2E67798E188 /* CameraManager.swift */; };
		6CF3D9EF0E7EE38BEF727962 /* TrajectoryTracker.swift in Sources */ = {isa = PBXBuildFile; fileRef = 3067EBE8BAEAC99BE435DA0E /* TrajectoryTracker.swift */; };
		800A8F111AF86B93896F6135 /* BallDetector.swift in Sources */ = {isa = PBXBuildFile; fileRef = 49140750208855D1C71C542A /* BallDetector.swift */; };
		939BE5957B98B4A83BB578B1 /* TrajectoryOverlayView.swift in Sources */ = {isa = PBXBuildFile; fileRef = 3BE4564103C6E9EDF0038027 /* TrajectoryOverlayView.swift */; };
		97BCF9375E0E7C71AFBBC097 /* CameraPreviewView.swift in Sources */ = {isa = PBXBuildFile; fileRef = A1F389932B45F2A353803341 /* CameraPreviewView.swift */; };
/* End PBXBuildFile section */

/* Begin PBXFileReference section */
		3067EBE8BAEAC99BE435DA0E /* TrajectoryTracker.swift */ = {isa = PBXFileReference; lastKnownFileType = sourcecode.swift; path = TrajectoryTracker.swift; sourceTree = "<group>"; };
		3BE4564103C6E9EDF0038027 /* TrajectoryOverlayView.swift */ = {isa = PBXFileReference; lastKnownFileType = sourcecode.swift; path = TrajectoryOverlayView.swift; sourceTree = "<group>"; };
		45BE289D6A162FC919BE2461 /* TennisTracker.app */ = {isa = PBXFileReference; includeInIndex = 0; lastKnownFileType = wrapper.application; path = TennisTracker.app; sourceTree = BUILT_PRODUCTS_DIR; };
		49140750208855D1C71C542A /* BallDetector.swift */ = {isa = PBXFileReference; lastKnownFileType = sourcecode.swift; path = BallDetector.swift; sourceTree = "<group>"; };
		4A780C3539050BB6DBB8197A /* ContentView.swift */ = {isa = PBXFileReference; lastKnownFileType = sourcecode.swift; path = ContentView.swift; sourceTree = "<group>"; };
		5610EB2C9C9A596CF7EE3A21 /* Info.plist */ = {isa = PBXFileReference; lastKnownFileType = text.plist; path = Info.plist; sourceTree = "<group>"; };
		63ED978C9982686B27AECED3 /* TennisTrackerApp.swift */ = {isa = PBXFileReference; lastKnownFileType = sourcecode.swift; path = TennisTrackerApp.swift; sourceTree = "<group>"; };
		7547D2470485A2E67798E188 /* CameraManager.swift */ = {isa = PBXFileReference; lastKnownFileType = sourcecode.swift; path = CameraManager.swift; sourceTree = "<group>"; };
		A1F389932B45F2A353803341 /* CameraPreviewView.swift */ = {isa = PBXFileReference; lastKnownFileType = sourcecode.swift; path = CameraPreviewView.swift; sourceTree = "<group>"; };
/* End PBXFileReference section */

/* Begin PBXGroup section */
		36F80AB4523FBFF2DFCFCE0C = {
			isa = PBXGroup;
			children = (
				AF3055F4E60E6EB888209EE4 /* TennisTracker */,
				7727B586301D3EA2AF80F846 /* Products */,
			);
			sourceTree = "<group>";
		};
		7727B586301D3EA2AF80F846 /* Products */ = {
			isa = PBXGroup;
			children = (
				45BE289D6A162FC919BE2461 /* TennisTracker.app */,
			);
			name = Products;
			sourceTree = "<group>";
		};
		AF3055F4E60E6EB888209EE4 /* TennisTracker */ = {
			isa = PBXGroup;
			children = (
				49140750208855D1C71C542A /* BallDetector.swift */,
				7547D2470485A2E67798E188 /* CameraManager.swift */,
				A1F389932B45F2A353803341 /* CameraPreviewView.swift */,
				4A780C3539050BB6DBB8197A /* ContentView.swift */,
				5610EB2C9C9A596CF7EE3A21 /* Info.plist */,
				63ED978C9982686B27AECED3 /* TennisTrackerApp.swift */,
				3BE4564103C6E9EDF0038027 /* TrajectoryOverlayView.swift */,
				3067EBE8BAEAC99BE435DA0E /* TrajectoryTracker.swift */,
			);
			path = TennisTracker;
			sourceTree = "<group>";
		};
/* End PBXGroup section */

/* Begin PBXNativeTarget section */
		63B89086A1A46B8FCB5186A8 /* TennisTracker */ = {
			isa = PBXNativeTarget;
			buildConfigurationList = F6D72E16833A58F33D37AC68 /* Build configuration list for PBXNativeTarget "TennisTracker" */;
			buildPhases = (
				01E853560D8B079756A9C35F /* Sources */,
			);
			buildRules = (
			);
			dependencies = (
			);
			name = TennisTracker;
			packageProductDependencies = (
			);
			productName = TennisTracker;
			productReference = 45BE289D6A162FC919BE2461 /* TennisTracker.app */;
			productType = "com.apple.product-type.application";
		};
/* End PBXNativeTarget section */

/* Begin PBXProject section */
		C78CE0EC57063E1941028EEC /* Project object */ = {
			isa = PBXProject;
			attributes = {
				BuildIndependentTargetsInParallel = YES;
				LastUpgradeCheck = 1600;
				TargetAttributes = {
					63B89086A1A46B8FCB5186A8 = {
						ProvisioningStyle = Automatic;
					};
				};
			};
			buildConfigurationList = 18A49BDE0EEF7E7164642F35 /* Build configuration list for PBXProject "TennisTracker" */;
			developmentRegion = en;
			hasScannedForEncodings = 0;
			knownRegions = (
				Base,
				en,
			);
			mainGroup = 36F80AB4523FBFF2DFCFCE0C;
			minimizedProjectReferenceProxies = 1;
			preferredProjectObjectVersion = 77;
			productRefGroup = 7727B586301D3EA2AF80F846 /* Products */;
			projectDirPath = "";
			projectRoot = "";
			targets = (
				63B89086A1A46B8FCB5186A8 /* TennisTracker */,
			);
		};
/* End PBXProject section */

/* Begin PBXSourcesBuildPhase section */
		01E853560D8B079756A9C35F /* Sources */ = {
			isa = PBXSourcesBuildPhase;
			buildActionMask = 2147483647;
			files = (
				800A8F111AF86B93896F6135 /* BallDetector.swift in Sources */,
				431297F454B7B98835F86CBD /* CameraManager.swift in Sources */,
				97BCF9375E0E7C71AFBBC097 /* CameraPreviewView.swift in Sources */,
				349C40454966F92138360CA6 /* ContentView.swift in Sources */,
				3EFF29F64E82749968F034D0 /* TennisTrackerApp.swift in Sources */,
				939BE5957B98B4A83BB578B1 /* TrajectoryOverlayView.swift in Sources */,
				6CF3D9EF0E7EE38BEF727962 /* TrajectoryTracker.swift in Sources */,
			);
			runOnlyForDeploymentPostprocessing = 0;
		};
/* End PBXSourcesBuildPhase section */

/* Begin XCBuildConfiguration section */
		5227777F1D3A43457D7E2EA6 /* Release */ = {
			isa = XCBuildConfiguration;
			buildSettings = {
				ASSETCATALOG_COMPILER_APPICON_NAME = AppIcon;
				CODE_SIGN_IDENTITY = "iPhone Developer";
				CURRENT_PROJECT_VERSION = 1;
				INFOPLIST_FILE = TennisTracker/Info.plist;
				LD_RUNPATH_SEARCH_PATHS = (
					"$(inherited)",
					"@executable_path/Frameworks",
				);
				MARKETING_VERSION = 1.0.0;
				PRODUCT_BUNDLE_IDENTIFIER = com.racquetvision.tennistracker;
				SDKROOT = iphoneos;
				TARGETED_DEVICE_FAMILY = "1,2";
			};
			name = Release;
		};
		7252228A6F62776949F607A9 /* Release */ = {
			isa = XCBuildConfiguration;
			buildSettings = {
				ALWAYS_SEARCH_USER_PATHS = NO;
				CLANG_ANALYZER_NONNULL = YES;
				CLANG_ANALYZER_NUMBER_OBJECT_CONVERSION = YES_AGGRESSIVE;
				CLANG_CXX_LANGUAGE_STANDARD = "gnu++14";
				CLANG_CXX_LIBRARY = "libc++";
				CLANG_ENABLE_MODULES = YES;
				CLANG_ENABLE_OBJC_ARC = YES;
				CLANG_ENABLE_OBJC_WEAK = YES;
				CLANG_WARN_BLOCK_CAPTURE_AUTORELEASING = YES;
				CLANG_WARN_BOOL_CONVERSION = YES;
				CLANG_WARN_COMMA = YES;
				CLANG_WARN_CONSTANT_CONVERSION = YES;
				CLANG_WARN_DEPRECATED_OBJC_IMPLEMENTATIONS = YES;
				CLANG_WARN_DIRECT_OBJC_ISA_USAGE = YES_ERROR;
				CLANG_WARN_DOCUMENTATION_COMMENTS = YES;
				CLANG_WARN_EMPTY_BODY = YES;
				CLANG_WARN_ENUM_CONVERSION = YES;
				CLANG_WARN_INFINITE_RECURSION = YES;
				CLANG_WARN_INT_CONVERSION = YES;
				CLANG_WARN_NON_LITERAL_NULL_CONVERSION = YES;
				CLANG_WARN_OBJC_IMPLICIT_RETAIN_SELF = YES;
				CLANG_WARN_OBJC_LITERAL_CONVERSION = YES;
				CLANG_WARN_OBJC_ROOT_CLASS = YES_ERROR;
				CLANG_WARN_QUOTED_INCLUDE_IN_FRAMEWORK_HEADER = YES;
				CLANG_WARN_RANGE_LOOP_ANALYSIS = YES;
				CLANG_WARN_STRICT_PROTOTYPES = YES;
				CLANG_WARN_SUSPICIOUS_MOVE = YES;
				CLANG_WARN_UNGUARDED_AVAILABILITY = YES_AGGRESSIVE;
				CLANG_WARN_UNREACHABLE_CODE = YES;
				CLANG_WARN__DUPLICATE_METHOD_MATCH = YES;
				CODE_SIGN_STYLE = Automatic;
				COPY_PHASE_STRIP = NO;
				DEBUG_INFORMATION_FORMAT = "dwarf-with-dsym";
				ENABLE_NS_ASSERTIONS = NO;
				ENABLE_PREVIEWS = YES;
				ENABLE_STRICT_OBJC_MSGSEND = YES;
				GCC_C_LANGUAGE_STANDARD = gnu11;
				GCC_NO_COMMON_BLOCKS = YES;
				GCC_WARN_64_TO_32_BIT_CONVERSION = YES;
				GCC_WARN_ABOUT_RETURN_TYPE = YES_ERROR;
				GCC_WARN_UNDECLARED_SELECTOR = YES;
				GCC_WARN_UNINITIALIZED_AUTOS = YES_AGGRESSIVE;
				GCC_WARN_UNUSED_FUNCTION = YES;
				GCC_WARN_UNUSED_VARIABLE = YES;
				IPHONEOS_DEPLOYMENT_TARGET = 16.0;
				MTL_ENABLE_DEBUG_INFO = NO;
				MTL_FAST_MATH = YES;
				PRODUCT_NAME = "$(TARGET_NAME)";
				SDKROOT = iphoneos;
				SWIFT_COMPILATION_MODE = wholemodule;
				SWIFT_OPTIMIZATION_LEVEL = "-O";
				SWIFT_VERSION = 5.9;
				TARGETED_DEVICE_FAMILY = "1,2";
			};
			name = Release;
		};
		A1991957204B6BEC13FD7F30 /* Debug */ = {
			isa = XCBuildConfiguration;
			buildSettings = {
				ALWAYS_SEARCH_USER_PATHS = NO;
				CLANG_ANALYZER_NONNULL = YES;
				CLANG_ANALYZER_NUMBER_OBJECT_CONVERSION = YES_AGGRESSIVE;
				CLANG_CXX_LANGUAGE_STANDARD = "gnu++14";
				CLANG_CXX_LIBRARY = "libc++";
				CLANG_ENABLE_MODULES = YES;
				CLANG_ENABLE_OBJC_ARC = YES;
				CLANG_ENABLE_OBJC_WEAK = YES;
				CLANG_WARN_BLOCK_CAPTURE_AUTORELEASING = YES;
				CLANG_WARN_BOOL_CONVERSION = YES;
				CLANG_WARN_COMMA = YES;
				CLANG_WARN_CONSTANT_CONVERSION = YES;
				CLANG_WARN_DEPRECATED_OBJC_IMPLEMENTATIONS = YES;
				CLANG_WARN_DIRECT_OBJC_ISA_USAGE = YES_ERROR;
				CLANG_WARN_DOCUMENTATION_COMMENTS = YES;
				CLANG_WARN_EMPTY_BODY = YES;
				CLANG_WARN_ENUM_CONVERSION = YES;
				CLANG_WARN_INFINITE_RECURSION = YES;
				CLANG_WARN_INT_CONVERSION = YES;
				CLANG_WARN_NON_LITERAL_NULL_CONVERSION = YES;
				CLANG_WARN_OBJC_IMPLICIT_RETAIN_SELF = YES;
				CLANG_WARN_OBJC_LITERAL_CONVERSION = YES;
				CLANG_WARN_OBJC_ROOT_CLASS = YES_ERROR;
				CLANG_WARN_QUOTED_INCLUDE_IN_FRAMEWORK_HEADER = YES;
				CLANG_WARN_RANGE_LOOP_ANALYSIS = YES;
				CLANG_WARN_STRICT_PROTOTYPES = YES;
				CLANG_WARN_SUSPICIOUS_MOVE = YES;
				CLANG_WARN_UNGUARDED_AVAILABILITY = YES_AGGRESSIVE;
				CLANG_WARN_UNREACHABLE_CODE = YES;
				CLANG_WARN__DUPLICATE_METHOD_MATCH = YES;
				CODE_SIGN_STYLE = Automatic;
				COPY_PHASE_STRIP = NO;
				DEBUG_INFORMATION_FORMAT = dwarf;
				ENABLE_PREVIEWS = YES;
				ENABLE_STRICT_OBJC_MSGSEND = YES;
				ENABLE_TESTABILITY = YES;
				GCC_C_LANGUAGE_STANDARD = gnu11;
				GCC_DYNAMIC_NO_PIC = NO;
				GCC_NO_COMMON_BLOCKS = YES;
				GCC_OPTIMIZATION_LEVEL = 0;
				GCC_PREPROCESSOR_DEFINITIONS = (
					"$(inherited)",
					"DEBUG=1",
				);
				GCC_WARN_64_TO_32_BIT_CONVERSION = YES;
				GCC_WARN_ABOUT_RETURN_TYPE = YES_ERROR;
				GCC_WARN_UNDECLARED_SELECTOR = YES;
				GCC_WARN_UNINITIALIZED_AUTOS = YES_AGGRESSIVE;
				GCC_WARN_UNUSED_FUNCTION = YES;
				GCC_WARN_UNUSED_VARIABLE = YES;
				IPHONEOS_DEPLOYMENT_TARGET = 16.0;
				MTL_ENABLE_DEBUG_INFO = INCLUDE_SOURCE;
				MTL_FAST_MATH = YES;
				ONLY_ACTIVE_ARCH = YES;
				PRODUCT_NAME = "$(TARGET_NAME)";
				SDKROOT = iphoneos;
				SWIFT_ACTIVE_COMPILATION_CONDITIONS = DEBUG;
				SWIFT_OPTIMIZATION_LEVEL = "-Onone";
				SWIFT_VERSION = 5.9;
				TARGETED_DEVICE_FAMILY = "1,2";
			};
			name = Debug;
		};
		E04126E240876C5A193485B9 /* Debug */ = {
			isa = XCBuildConfiguration;
			buildSettings = {
				ASSETCATALOG_COMPILER_APPICON_NAME = AppIcon;
				CODE_SIGN_IDENTITY = "iPhone Developer";
				CURRENT_PROJECT_VERSION = 1;
				INFOPLIST_FILE = TennisTracker/Info.plist;
				LD_RUNPATH_SEARCH_PATHS = (
					"$(inherited)",
					"@executable_path/Frameworks",
				);
				MARKETING_VERSION = 1.0.0;
				PRODUCT_BUNDLE_IDENTIFIER = com.racquetvision.tennistracker;
				SDKROOT = iphoneos;
				TARGETED_DEVICE_FAMILY = "1,2";
			};
			name = Debug;
		};
/* End XCBuildConfiguration section */

/* Begin XCConfigurationList section */
		18A49BDE0EEF7E7164642F35 /* Build configuration list for PBXProject "TennisTracker" */ = {
			isa = XCConfigurationList;
			buildConfigurations = (
				A1991957204B6BEC13FD7F30 /* Debug */,
				7252228A6F62776949F607A9 /* Release */,
			);
			defaultConfigurationIsVisible = 0;
			defaultConfigurationName = Debug;
		};
		F6D72E16833A58F33D37AC68 /* Build configuration list for PBXNativeTarget "TennisTracker" */ = {
			isa = XCConfigurationList;
			buildConfigurations = (
				E04126E240876C5A193485B9 /* Debug */,
				5227777F1D3A43457D7E2EA6 /* Release */,
			);
			defaultConfigurationIsVisible = 0;
			defaultConfigurationName = Debug;
		};
/* End XCConfigurationList section */
	};
	rootObject = C78CE0EC57063E1941028EEC /* Project object */;
}
